// !$*UTF8*$!
{
	archiveVersion = 1;
	classes = {
	};
	objectVersion = 46;
	objects = {

/* Begin PBXBuildFile section */
		465178ADE25D6564C0308C98 /* libPods-BangBangBao.a in Frameworks */ = {isa = PBXBuildFile; fileRef = 09D7B671A672F94C8E349712 /* libPods-BangBangBao.a */; };
		830480731D2630B400B75073 /* FBSDKCoreKit.framework in Frameworks */ = {isa = PBXBuildFile; fileRef = 830480701D2630B400B75073 /* FBSDKCoreKit.framework */; };
		830480741D2630B400B75073 /* FBSDKLoginKit.framework in Frameworks */ = {isa = PBXBuildFile; fileRef = 830480711D2630B400B75073 /* FBSDKLoginKit.framework */; };
		830480751D2630B400B75073 /* FBSDKShareKit.framework in Frameworks */ = {isa = PBXBuildFile; fileRef = 830480721D2630B400B75073 /* FBSDKShareKit.framework */; };
		830AEA011D238EED0022C463 /* MineAddBankViewController.m in Sources */ = {isa = PBXBuildFile; fileRef = 830AEA001D238EED0022C463 /* MineAddBankViewController.m */; };
		830AEA031D238FF30022C463 /* bank_info.json in Resources */ = {isa = PBXBuildFile; fileRef = 830AEA021D238FF30022C463 /* bank_info.json */; };
		830AEA061D23AEB60022C463 /* BankInformation.m in Sources */ = {isa = PBXBuildFile; fileRef = 830AEA051D23AEB60022C463 /* BankInformation.m */; };
		8323EDB31D0CEF4500005152 /* SignupViewController.m in Sources */ = {isa = PBXBuildFile; fileRef = 8323EDB21D0CEF4500005152 /* SignupViewController.m */; };
		8323EDB61D0D08EC00005152 /* ForgetPasswordViewController.m in Sources */ = {isa = PBXBuildFile; fileRef = 8323EDB51D0D08EC00005152 /* ForgetPasswordViewController.m */; };
		832C1AA01D20ED0100E40527 /* AccountDeleteApi.m in Sources */ = {isa = PBXBuildFile; fileRef = 832C1A9F1D20ED0100E40527 /* AccountDeleteApi.m */; };
		83325E171D13939B0062EEBE /* IntroViewController.m in Sources */ = {isa = PBXBuildFile; fileRef = 83325E161D13939B0062EEBE /* IntroViewController.m */; };
		83325E1A1D13942A0062EEBE /* LoginWithFacebookApi.m in Sources */ = {isa = PBXBuildFile; fileRef = 83325E191D13942A0062EEBE /* LoginWithFacebookApi.m */; };
		83325E1D1D139DD90062EEBE /* MainFooterSubView.m in Sources */ = {isa = PBXBuildFile; fileRef = 83325E1C1D139DD90062EEBE /* MainFooterSubView.m */; };
		83325E201D139E3A0062EEBE /* MainFooterView.m in Sources */ = {isa = PBXBuildFile; fileRef = 83325E1F1D139E3A0062EEBE /* MainFooterView.m */; };
		83325E231D13A86F0062EEBE /* MainBusinessRecordViewController.m in Sources */ = {isa = PBXBuildFile; fileRef = 83325E221D13A86F0062EEBE /* MainBusinessRecordViewController.m */; };
		83325E261D13A8AF0062EEBE /* MainYuanbaoBusinessRecordViewController.m in Sources */ = {isa = PBXBuildFile; fileRef = 83325E251D13A8AF0062EEBE /* MainYuanbaoBusinessRecordViewController.m */; };
		83325E291D13D0060062EEBE /* MineTableViewCell.m in Sources */ = {isa = PBXBuildFile; fileRef = 83325E281D13D0060062EEBE /* MineTableViewCell.m */; };
		833B3D911D1279E50008D3AD /* ViewController.m in Sources */ = {isa = PBXBuildFile; fileRef = 833B3D8C1D1279E50008D3AD /* ViewController.m */; };
		833B3D941D127A5D0008D3AD /* MineViewController.m in Sources */ = {isa = PBXBuildFile; fileRef = 833B3D931D127A5D0008D3AD /* MineViewController.m */; };
		833B3D971D128DEF0008D3AD /* MainCollectionViewCell.m in Sources */ = {isa = PBXBuildFile; fileRef = 833B3D961D128DEF0008D3AD /* MainCollectionViewCell.m */; };
		834577121D011C6200558456 /* main.m in Sources */ = {isa = PBXBuildFile; fileRef = 834577111D011C6200558456 /* main.m */; };
		8345771D1D011C6200558456 /* Assets.xcassets in Resources */ = {isa = PBXBuildFile; fileRef = 8345771C1D011C6200558456 /* Assets.xcassets */; };
		8345772B1D011C6200558456 /* BangBangBaoTests.m in Sources */ = {isa = PBXBuildFile; fileRef = 8345772A1D011C6200558456 /* BangBangBaoTests.m */; };
		834577361D011C6200558456 /* BangBangBaoUITests.m in Sources */ = {isa = PBXBuildFile; fileRef = 834577351D011C6200558456 /* BangBangBaoUITests.m */; };
		834714B11D1A2A5200E94102 /* MineInformationEditViewController.m in Sources */ = {isa = PBXBuildFile; fileRef = 834714B01D1A2A5200E94102 /* MineInformationEditViewController.m */; };
		834714B41D1A2EBB00E94102 /* MineBankInformationViewController.m in Sources */ = {isa = PBXBuildFile; fileRef = 834714B31D1A2EBB00E94102 /* MineBankInformationViewController.m */; };
		834714B71D1A2F8F00E94102 /* MineAlipayInformationViewController.m in Sources */ = {isa = PBXBuildFile; fileRef = 834714B61D1A2F8F00E94102 /* MineAlipayInformationViewController.m */; };
		834714BA1D1A30A800E94102 /* MineMemberAnnouncementViewController.m in Sources */ = {isa = PBXBuildFile; fileRef = 834714B91D1A30A800E94102 /* MineMemberAnnouncementViewController.m */; };
		834714BD1D1A315F00E94102 /* MineRecommendFriendsViewController.m in Sources */ = {isa = PBXBuildFile; fileRef = 834714BC1D1A315F00E94102 /* MineRecommendFriendsViewController.m */; };
		834714C01D1A31D800E94102 /* MineAboutBangBangBaoViewController.m in Sources */ = {isa = PBXBuildFile; fileRef = 834714BF1D1A31D800E94102 /* MineAboutBangBangBaoViewController.m */; };
		834748A31D0BA82300EFADE0 /* WelcomeViewController.m in Sources */ = {isa = PBXBuildFile; fileRef = 834748A21D0BA82300EFADE0 /* WelcomeViewController.m */; };
		834E599A1D0FA44E00B68FAA /* NSString+NSString_Extended.m in Sources */ = {isa = PBXBuildFile; fileRef = 834E59991D0FA44E00B68FAA /* NSString+NSString_Extended.m */; };
		834E599E1D0FD20100B68FAA /* User.m in Sources */ = {isa = PBXBuildFile; fileRef = 834E599D1D0FD20100B68FAA /* User.m */; };
		834E59A11D0FD25700B68FAA /* FacebookData.m in Sources */ = {isa = PBXBuildFile; fileRef = 834E59A01D0FD25700B68FAA /* FacebookData.m */; };
		834F37A11D1CC6B100564081 /* Payment_Alipay.m in Sources */ = {isa = PBXBuildFile; fileRef = 834F37A01D1CC6B100564081 /* Payment_Alipay.m */; };
		834F37A41D1CC74300564081 /* PaymentAlipayDatabaseHelper.m in Sources */ = {isa = PBXBuildFile; fileRef = 834F37A31D1CC74300564081 /* PaymentAlipayDatabaseHelper.m */; };
		834F37A71D1CCBDC00564081 /* AccountApi.m in Sources */ = {isa = PBXBuildFile; fileRef = 834F37A61D1CCBDC00564081 /* AccountApi.m */; };
		8354DE141D1CEA63009688B7 /* MineBankTableViewCell.m in Sources */ = {isa = PBXBuildFile; fileRef = 8354DE131D1CEA63009688B7 /* MineBankTableViewCell.m */; };
		8354DE171D1D223C009688B7 /* MineAddAlipayViewController.m in Sources */ = {isa = PBXBuildFile; fileRef = 8354DE161D1D223C009688B7 /* MineAddAlipayViewController.m */; };
		835DA1C91D1BC50E001D9CC9 /* PaymentBankDatabaseHelper.m in Sources */ = {isa = PBXBuildFile; fileRef = 835DA1C81D1BC50E001D9CC9 /* PaymentBankDatabaseHelper.m */; };
		836E70ED1D0559E400456C57 /* ScanQRCodeViewController.m in Sources */ = {isa = PBXBuildFile; fileRef = 836E70EC1D0559E400456C57 /* ScanQRCodeViewController.m */; };
		837B0A141D0E514000C31D3C /* ForgetPasswordStepTwoViewController.m in Sources */ = {isa = PBXBuildFile; fileRef = 837B0A131D0E514000C31D3C /* ForgetPasswordStepTwoViewController.m */; };
		837B0A1A1D0E59E000C31D3C /* ConfigYTKRequest.m in Sources */ = {isa = PBXBuildFile; fileRef = 837B0A171D0E59E000C31D3C /* ConfigYTKRequest.m */; };
		837B0A1B1D0E59E000C31D3C /* RequestAccessory.m in Sources */ = {isa = PBXBuildFile; fileRef = 837B0A191D0E59E000C31D3C /* RequestAccessory.m */; };
		837B0A251D0E75A000C31D3C /* AccountHelper.m in Sources */ = {isa = PBXBuildFile; fileRef = 837B0A1E1D0E75A000C31D3C /* AccountHelper.m */; };
		837B0A261D0E75A000C31D3C /* AccountManager.m in Sources */ = {isa = PBXBuildFile; fileRef = 837B0A201D0E75A000C31D3C /* AccountManager.m */; };
		837B0A271D0E75A000C31D3C /* DatabaseHelper.m in Sources */ = {isa = PBXBuildFile; fileRef = 837B0A221D0E75A000C31D3C /* DatabaseHelper.m */; };
		837B0A281D0E75A000C31D3C /* SharedDatabaseHelper.m in Sources */ = {isa = PBXBuildFile; fileRef = 837B0A241D0E75A000C31D3C /* SharedDatabaseHelper.m */; };
		837B0A2B1D0E76E000C31D3C /* LoginApi.m in Sources */ = {isa = PBXBuildFile; fileRef = 837B0A2A1D0E76E000C31D3C /* LoginApi.m */; };
		837B0A2E1D0E85D600C31D3C /* MemberInformationApi.m in Sources */ = {isa = PBXBuildFile; fileRef = 837B0A2D1D0E85D600C31D3C /* MemberInformationApi.m */; };
		838343521D0BC87A007F3EB6 /* LoginViewController.m in Sources */ = {isa = PBXBuildFile; fileRef = 838343511D0BC87A007F3EB6 /* LoginViewController.m */; };
		8399922D1D162F170077891D /* MineTableViewHeaderView.m in Sources */ = {isa = PBXBuildFile; fileRef = 8399922C1D162F170077891D /* MineTableViewHeaderView.m */; };
		83C479A21D1131BF00C5E3AB /* FacebookSignupViewController.m in Sources */ = {isa = PBXBuildFile; fileRef = 83C479A11D1131BF00C5E3AB /* FacebookSignupViewController.m */; };
		83E3D5DD1D0134BB00B71E2D /* AppDelegate.m in Sources */ = {isa = PBXBuildFile; fileRef = 83E3D5DC1D0134BB00B71E2D /* AppDelegate.m */; };
		83E3D5E31D01389C00B71E2D /* BaseNavigationController.m in Sources */ = {isa = PBXBuildFile; fileRef = 83E3D5E01D01389C00B71E2D /* BaseNavigationController.m */; };
		83E3D5E41D01389C00B71E2D /* BaseViewController.m in Sources */ = {isa = PBXBuildFile; fileRef = 83E3D5E21D01389C00B71E2D /* BaseViewController.m */; };
		83E3D5E91D013AAD00B71E2D /* Config.m in Sources */ = {isa = PBXBuildFile; fileRef = 83E3D5E81D013AAD00B71E2D /* Config.m */; };
		83EA69F41D1B746C00FEC452 /* BBBSocketConnection.m in Sources */ = {isa = PBXBuildFile; fileRef = 83EA69F31D1B746C00FEC452 /* BBBSocketConnection.m */; };
		83EA69F71D1B83CC00FEC452 /* Payment_Bank.m in Sources */ = {isa = PBXBuildFile; fileRef = 83EA69F61D1B83CC00FEC452 /* Payment_Bank.m */; };
		83EA69FB1D1B869D00FEC452 /* PaymentsApi.m in Sources */ = {isa = PBXBuildFile; fileRef = 83EA69FA1D1B869D00FEC452 /* PaymentsApi.m */; };
		83F508571D20CFCC000CC4EA /* CreateAlipayAccountApi.m in Sources */ = {isa = PBXBuildFile; fileRef = 83F508561D20CFCC000CC4EA /* CreateAlipayAccountApi.m */; };
		83FDF79A1D06600C0044E782 /* Crashlytics.framework in Frameworks */ = {isa = PBXBuildFile; fileRef = 838BE4611D017EDA00D12AC2 /* Crashlytics.framework */; };
		83FDF79B1D06600C0044E782 /* Fabric.framework in Frameworks */ = {isa = PBXBuildFile; fileRef = 838BE4621D017EDA00D12AC2 /* Fabric.framework */; };
		83FDF7AF1D067C0D0044E782 /* EncryptTools.m in Sources */ = {isa = PBXBuildFile; fileRef = 83FDF7A51D067C0D0044E782 /* EncryptTools.m */; };
		83FDF7B01D067C0D0044E782 /* MF_Base64Additions.m in Sources */ = {isa = PBXBuildFile; fileRef = 83FDF7A71D067C0D0044E782 /* MF_Base64Additions.m */; };
		83FDF7B11D067C0D0044E782 /* VerifyTools.m in Sources */ = {isa = PBXBuildFile; fileRef = 83FDF7A91D067C0D0044E782 /* VerifyTools.m */; };
		83FDF7B21D067C0D0044E782 /* MBProgressHUD+Helper.m in Sources */ = {isa = PBXBuildFile; fileRef = 83FDF7AC1D067C0D0044E782 /* MBProgressHUD+Helper.m */; };
		83FDF7B31D067C0D0044E782 /* MostTopViewControllerTools.m in Sources */ = {isa = PBXBuildFile; fileRef = 83FDF7AE1D067C0D0044E782 /* MostTopViewControllerTools.m */; };
/* End PBXBuildFile section */

/* Begin PBXContainerItemProxy section */
		834577271D011C6200558456 /* PBXContainerItemProxy */ = {
			isa = PBXContainerItemProxy;
			containerPortal = 834577051D011C6200558456 /* Project object */;
			proxyType = 1;
			remoteGlobalIDString = 8345770C1D011C6200558456;
			remoteInfo = BangBangBao;
		};
		834577321D011C6200558456 /* PBXContainerItemProxy */ = {
			isa = PBXContainerItemProxy;
			containerPortal = 834577051D011C6200558456 /* Project object */;
			proxyType = 1;
			remoteGlobalIDString = 8345770C1D011C6200558456;
			remoteInfo = BangBangBao;
		};
/* End PBXContainerItemProxy section */

/* Begin PBXFileReference section */
		09D7B671A672F94C8E349712 /* libPods-BangBangBao.a */ = {isa = PBXFileReference; explicitFileType = archive.ar; includeInIndex = 0; path = "libPods-BangBangBao.a"; sourceTree = BUILT_PRODUCTS_DIR; };
		8199B71886D002DE4EEF55F7 /* Pods-BangBangBao.release.xcconfig */ = {isa = PBXFileReference; includeInIndex = 1; lastKnownFileType = text.xcconfig; name = "Pods-BangBangBao.release.xcconfig"; path = "Pods/Target Support Files/Pods-BangBangBao/Pods-BangBangBao.release.xcconfig"; sourceTree = "<group>"; };
		830480701D2630B400B75073 /* FBSDKCoreKit.framework */ = {isa = PBXFileReference; lastKnownFileType = wrapper.framework; name = FBSDKCoreKit.framework; path = "../../../Documents/FacebookSDKs-iOS-4/FBSDKCoreKit.framework"; sourceTree = "<group>"; };
		830480711D2630B400B75073 /* FBSDKLoginKit.framework */ = {isa = PBXFileReference; lastKnownFileType = wrapper.framework; name = FBSDKLoginKit.framework; path = "../../../Documents/FacebookSDKs-iOS-4/FBSDKLoginKit.framework"; sourceTree = "<group>"; };
		830480721D2630B400B75073 /* FBSDKShareKit.framework */ = {isa = PBXFileReference; lastKnownFileType = wrapper.framework; name = FBSDKShareKit.framework; path = "../../../Documents/FacebookSDKs-iOS-4/FBSDKShareKit.framework"; sourceTree = "<group>"; };
		830AE9FF1D238EED0022C463 /* MineAddBankViewController.h */ = {isa = PBXFileReference; fileEncoding = 4; lastKnownFileType = sourcecode.c.h; path = MineAddBankViewController.h; sourceTree = "<group>"; };
		830AEA001D238EED0022C463 /* MineAddBankViewController.m */ = {isa = PBXFileReference; fileEncoding = 4; lastKnownFileType = sourcecode.c.objc; path = MineAddBankViewController.m; sourceTree = "<group>"; };
		830AEA021D238FF30022C463 /* bank_info.json */ = {isa = PBXFileReference; fileEncoding = 4; lastKnownFileType = text.json; path = bank_info.json; sourceTree = "<group>"; };
		830AEA041D23AEB60022C463 /* BankInformation.h */ = {isa = PBXFileReference; fileEncoding = 4; lastKnownFileType = sourcecode.c.h; path = BankInformation.h; sourceTree = "<group>"; };
		830AEA051D23AEB60022C463 /* BankInformation.m */ = {isa = PBXFileReference; fileEncoding = 4; lastKnownFileType = sourcecode.c.objc; path = BankInformation.m; sourceTree = "<group>"; };
		8323EDB11D0CEF4500005152 /* SignupViewController.h */ = {isa = PBXFileReference; fileEncoding = 4; lastKnownFileType = sourcecode.c.h; path = SignupViewController.h; sourceTree = "<group>"; };
		8323EDB21D0CEF4500005152 /* SignupViewController.m */ = {isa = PBXFileReference; fileEncoding = 4; lastKnownFileType = sourcecode.c.objc; path = SignupViewController.m; sourceTree = "<group>"; };
		8323EDB41D0D08EC00005152 /* ForgetPasswordViewController.h */ = {isa = PBXFileReference; fileEncoding = 4; lastKnownFileType = sourcecode.c.h; path = ForgetPasswordViewController.h; sourceTree = "<group>"; };
		8323EDB51D0D08EC00005152 /* ForgetPasswordViewController.m */ = {isa = PBXFileReference; fileEncoding = 4; lastKnownFileType = sourcecode.c.objc; path = ForgetPasswordViewController.m; sourceTree = "<group>"; };
		832C1A9E1D20ED0100E40527 /* AccountDeleteApi.h */ = {isa = PBXFileReference; fileEncoding = 4; lastKnownFileType = sourcecode.c.h; path = AccountDeleteApi.h; sourceTree = "<group>"; };
		832C1A9F1D20ED0100E40527 /* AccountDeleteApi.m */ = {isa = PBXFileReference; fileEncoding = 4; lastKnownFileType = sourcecode.c.objc; path = AccountDeleteApi.m; sourceTree = "<group>"; };
		83325E151D13939B0062EEBE /* IntroViewController.h */ = {isa = PBXFileReference; fileEncoding = 4; lastKnownFileType = sourcecode.c.h; path = IntroViewController.h; sourceTree = "<group>"; };
		83325E161D13939B0062EEBE /* IntroViewController.m */ = {isa = PBXFileReference; fileEncoding = 4; lastKnownFileType = sourcecode.c.objc; path = IntroViewController.m; sourceTree = "<group>"; };
		83325E181D13942A0062EEBE /* LoginWithFacebookApi.h */ = {isa = PBXFileReference; fileEncoding = 4; lastKnownFileType = sourcecode.c.h; path = LoginWithFacebookApi.h; sourceTree = "<group>"; };
		83325E191D13942A0062EEBE /* LoginWithFacebookApi.m */ = {isa = PBXFileReference; fileEncoding = 4; lastKnownFileType = sourcecode.c.objc; path = LoginWithFacebookApi.m; sourceTree = "<group>"; };
		83325E1B1D139DD90062EEBE /* MainFooterSubView.h */ = {isa = PBXFileReference; fileEncoding = 4; lastKnownFileType = sourcecode.c.h; path = MainFooterSubView.h; sourceTree = "<group>"; };
		83325E1C1D139DD90062EEBE /* MainFooterSubView.m */ = {isa = PBXFileReference; fileEncoding = 4; lastKnownFileType = sourcecode.c.objc; path = MainFooterSubView.m; sourceTree = "<group>"; };
		83325E1E1D139E3A0062EEBE /* MainFooterView.h */ = {isa = PBXFileReference; fileEncoding = 4; lastKnownFileType = sourcecode.c.h; path = MainFooterView.h; sourceTree = "<group>"; };
		83325E1F1D139E3A0062EEBE /* MainFooterView.m */ = {isa = PBXFileReference; fileEncoding = 4; lastKnownFileType = sourcecode.c.objc; path = MainFooterView.m; sourceTree = "<group>"; };
		83325E211D13A86F0062EEBE /* MainBusinessRecordViewController.h */ = {isa = PBXFileReference; fileEncoding = 4; lastKnownFileType = sourcecode.c.h; path = MainBusinessRecordViewController.h; sourceTree = "<group>"; };
		83325E221D13A86F0062EEBE /* MainBusinessRecordViewController.m */ = {isa = PBXFileReference; fileEncoding = 4; lastKnownFileType = sourcecode.c.objc; path = MainBusinessRecordViewController.m; sourceTree = "<group>"; };
		83325E241D13A8AF0062EEBE /* MainYuanbaoBusinessRecordViewController.h */ = {isa = PBXFileReference; fileEncoding = 4; lastKnownFileType = sourcecode.c.h; path = MainYuanbaoBusinessRecordViewController.h; sourceTree = "<group>"; };
		83325E251D13A8AF0062EEBE /* MainYuanbaoBusinessRecordViewController.m */ = {isa = PBXFileReference; fileEncoding = 4; lastKnownFileType = sourcecode.c.objc; path = MainYuanbaoBusinessRecordViewController.m; sourceTree = "<group>"; };
		83325E271D13D0060062EEBE /* MineTableViewCell.h */ = {isa = PBXFileReference; fileEncoding = 4; lastKnownFileType = sourcecode.c.h; path = MineTableViewCell.h; sourceTree = "<group>"; };
		83325E281D13D0060062EEBE /* MineTableViewCell.m */ = {isa = PBXFileReference; fileEncoding = 4; lastKnownFileType = sourcecode.c.objc; path = MineTableViewCell.m; sourceTree = "<group>"; };
		833B3D8B1D1279E50008D3AD /* ViewController.h */ = {isa = PBXFileReference; fileEncoding = 4; lastKnownFileType = sourcecode.c.h; path = ViewController.h; sourceTree = "<group>"; };
		833B3D8C1D1279E50008D3AD /* ViewController.m */ = {isa = PBXFileReference; fileEncoding = 4; lastKnownFileType = sourcecode.c.objc; path = ViewController.m; sourceTree = "<group>"; };
		833B3D921D127A5D0008D3AD /* MineViewController.h */ = {isa = PBXFileReference; fileEncoding = 4; lastKnownFileType = sourcecode.c.h; path = MineViewController.h; sourceTree = "<group>"; };
		833B3D931D127A5D0008D3AD /* MineViewController.m */ = {isa = PBXFileReference; fileEncoding = 4; lastKnownFileType = sourcecode.c.objc; path = MineViewController.m; sourceTree = "<group>"; };
		833B3D951D128DEF0008D3AD /* MainCollectionViewCell.h */ = {isa = PBXFileReference; fileEncoding = 4; lastKnownFileType = sourcecode.c.h; path = MainCollectionViewCell.h; sourceTree = "<group>"; };
		833B3D961D128DEF0008D3AD /* MainCollectionViewCell.m */ = {isa = PBXFileReference; fileEncoding = 4; lastKnownFileType = sourcecode.c.objc; path = MainCollectionViewCell.m; sourceTree = "<group>"; };
		8345770D1D011C6200558456 /* BangBangBao.app */ = {isa = PBXFileReference; explicitFileType = wrapper.application; includeInIndex = 0; path = BangBangBao.app; sourceTree = BUILT_PRODUCTS_DIR; };
		834577111D011C6200558456 /* main.m */ = {isa = PBXFileReference; lastKnownFileType = sourcecode.c.objc; path = main.m; sourceTree = "<group>"; };
		8345771C1D011C6200558456 /* Assets.xcassets */ = {isa = PBXFileReference; lastKnownFileType = folder.assetcatalog; name = Assets.xcassets; path = BangBangBao/Assets.xcassets; sourceTree = "<group>"; };
		834577211D011C6200558456 /* Info.plist */ = {isa = PBXFileReference; lastKnownFileType = text.plist.xml; path = Info.plist; sourceTree = "<group>"; };
		834577261D011C6200558456 /* BangBangBaoTests.xctest */ = {isa = PBXFileReference; explicitFileType = wrapper.cfbundle; includeInIndex = 0; path = BangBangBaoTests.xctest; sourceTree = BUILT_PRODUCTS_DIR; };
		8345772A1D011C6200558456 /* BangBangBaoTests.m */ = {isa = PBXFileReference; lastKnownFileType = sourcecode.c.objc; path = BangBangBaoTests.m; sourceTree = "<group>"; };
		8345772C1D011C6200558456 /* Info.plist */ = {isa = PBXFileReference; lastKnownFileType = text.plist.xml; path = Info.plist; sourceTree = "<group>"; };
		834577311D011C6200558456 /* BangBangBaoUITests.xctest */ = {isa = PBXFileReference; explicitFileType = wrapper.cfbundle; includeInIndex = 0; path = BangBangBaoUITests.xctest; sourceTree = BUILT_PRODUCTS_DIR; };
		834577351D011C6200558456 /* BangBangBaoUITests.m */ = {isa = PBXFileReference; lastKnownFileType = sourcecode.c.objc; path = BangBangBaoUITests.m; sourceTree = "<group>"; };
		834577371D011C6200558456 /* Info.plist */ = {isa = PBXFileReference; lastKnownFileType = text.plist.xml; path = Info.plist; sourceTree = "<group>"; };
		834714AF1D1A2A5200E94102 /* MineInformationEditViewController.h */ = {isa = PBXFileReference; fileEncoding = 4; lastKnownFileType = sourcecode.c.h; path = MineInformationEditViewController.h; sourceTree = "<group>"; };
		834714B01D1A2A5200E94102 /* MineInformationEditViewController.m */ = {isa = PBXFileReference; fileEncoding = 4; lastKnownFileType = sourcecode.c.objc; path = MineInformationEditViewController.m; sourceTree = "<group>"; };
		834714B21D1A2EBB00E94102 /* MineBankInformationViewController.h */ = {isa = PBXFileReference; fileEncoding = 4; lastKnownFileType = sourcecode.c.h; path = MineBankInformationViewController.h; sourceTree = "<group>"; };
		834714B31D1A2EBB00E94102 /* MineBankInformationViewController.m */ = {isa = PBXFileReference; fileEncoding = 4; lastKnownFileType = sourcecode.c.objc; path = MineBankInformationViewController.m; sourceTree = "<group>"; };
		834714B51D1A2F8F00E94102 /* MineAlipayInformationViewController.h */ = {isa = PBXFileReference; fileEncoding = 4; lastKnownFileType = sourcecode.c.h; path = MineAlipayInformationViewController.h; sourceTree = "<group>"; };
		834714B61D1A2F8F00E94102 /* MineAlipayInformationViewController.m */ = {isa = PBXFileReference; fileEncoding = 4; lastKnownFileType = sourcecode.c.objc; path = MineAlipayInformationViewController.m; sourceTree = "<group>"; };
		834714B81D1A30A800E94102 /* MineMemberAnnouncementViewController.h */ = {isa = PBXFileReference; fileEncoding = 4; lastKnownFileType = sourcecode.c.h; path = MineMemberAnnouncementViewController.h; sourceTree = "<group>"; };
		834714B91D1A30A800E94102 /* MineMemberAnnouncementViewController.m */ = {isa = PBXFileReference; fileEncoding = 4; lastKnownFileType = sourcecode.c.objc; path = MineMemberAnnouncementViewController.m; sourceTree = "<group>"; };
		834714BB1D1A315F00E94102 /* MineRecommendFriendsViewController.h */ = {isa = PBXFileReference; fileEncoding = 4; lastKnownFileType = sourcecode.c.h; path = MineRecommendFriendsViewController.h; sourceTree = "<group>"; };
		834714BC1D1A315F00E94102 /* MineRecommendFriendsViewController.m */ = {isa = PBXFileReference; fileEncoding = 4; lastKnownFileType = sourcecode.c.objc; path = MineRecommendFriendsViewController.m; sourceTree = "<group>"; };
		834714BE1D1A31D800E94102 /* MineAboutBangBangBaoViewController.h */ = {isa = PBXFileReference; fileEncoding = 4; lastKnownFileType = sourcecode.c.h; path = MineAboutBangBangBaoViewController.h; sourceTree = "<group>"; };
		834714BF1D1A31D800E94102 /* MineAboutBangBangBaoViewController.m */ = {isa = PBXFileReference; fileEncoding = 4; lastKnownFileType = sourcecode.c.objc; path = MineAboutBangBangBaoViewController.m; sourceTree = "<group>"; };
		834748A11D0BA82300EFADE0 /* WelcomeViewController.h */ = {isa = PBXFileReference; fileEncoding = 4; lastKnownFileType = sourcecode.c.h; path = WelcomeViewController.h; sourceTree = "<group>"; };
		834748A21D0BA82300EFADE0 /* WelcomeViewController.m */ = {isa = PBXFileReference; fileEncoding = 4; lastKnownFileType = sourcecode.c.objc; path = WelcomeViewController.m; sourceTree = "<group>"; };
		834E59981D0FA44E00B68FAA /* NSString+NSString_Extended.h */ = {isa = PBXFileReference; fileEncoding = 4; lastKnownFileType = sourcecode.c.h; path = "NSString+NSString_Extended.h"; sourceTree = "<group>"; };
		834E59991D0FA44E00B68FAA /* NSString+NSString_Extended.m */ = {isa = PBXFileReference; fileEncoding = 4; lastKnownFileType = sourcecode.c.objc; path = "NSString+NSString_Extended.m"; sourceTree = "<group>"; };
		834E599C1D0FD20100B68FAA /* User.h */ = {isa = PBXFileReference; fileEncoding = 4; lastKnownFileType = sourcecode.c.h; path = User.h; sourceTree = "<group>"; };
		834E599D1D0FD20100B68FAA /* User.m */ = {isa = PBXFileReference; fileEncoding = 4; lastKnownFileType = sourcecode.c.objc; path = User.m; sourceTree = "<group>"; };
		834E599F1D0FD25700B68FAA /* FacebookData.h */ = {isa = PBXFileReference; fileEncoding = 4; lastKnownFileType = sourcecode.c.h; path = FacebookData.h; sourceTree = "<group>"; };
		834E59A01D0FD25700B68FAA /* FacebookData.m */ = {isa = PBXFileReference; fileEncoding = 4; lastKnownFileType = sourcecode.c.objc; path = FacebookData.m; sourceTree = "<group>"; };
		834F379F1D1CC6B100564081 /* Payment_Alipay.h */ = {isa = PBXFileReference; fileEncoding = 4; lastKnownFileType = sourcecode.c.h; path = Payment_Alipay.h; sourceTree = "<group>"; };
		834F37A01D1CC6B100564081 /* Payment_Alipay.m */ = {isa = PBXFileReference; fileEncoding = 4; lastKnownFileType = sourcecode.c.objc; path = Payment_Alipay.m; sourceTree = "<group>"; };
		834F37A21D1CC74300564081 /* PaymentAlipayDatabaseHelper.h */ = {isa = PBXFileReference; fileEncoding = 4; lastKnownFileType = sourcecode.c.h; path = PaymentAlipayDatabaseHelper.h; sourceTree = "<group>"; };
		834F37A31D1CC74300564081 /* PaymentAlipayDatabaseHelper.m */ = {isa = PBXFileReference; fileEncoding = 4; lastKnownFileType = sourcecode.c.objc; path = PaymentAlipayDatabaseHelper.m; sourceTree = "<group>"; };
		834F37A51D1CCBDC00564081 /* AccountApi.h */ = {isa = PBXFileReference; fileEncoding = 4; lastKnownFileType = sourcecode.c.h; path = AccountApi.h; sourceTree = "<group>"; };
		834F37A61D1CCBDC00564081 /* AccountApi.m */ = {isa = PBXFileReference; fileEncoding = 4; lastKnownFileType = sourcecode.c.objc; path = AccountApi.m; sourceTree = "<group>"; };
		8354DE121D1CEA63009688B7 /* MineBankTableViewCell.h */ = {isa = PBXFileReference; fileEncoding = 4; lastKnownFileType = sourcecode.c.h; path = MineBankTableViewCell.h; sourceTree = "<group>"; };
		8354DE131D1CEA63009688B7 /* MineBankTableViewCell.m */ = {isa = PBXFileReference; fileEncoding = 4; lastKnownFileType = sourcecode.c.objc; path = MineBankTableViewCell.m; sourceTree = "<group>"; };
		8354DE151D1D223C009688B7 /* MineAddAlipayViewController.h */ = {isa = PBXFileReference; fileEncoding = 4; lastKnownFileType = sourcecode.c.h; path = MineAddAlipayViewController.h; sourceTree = "<group>"; };
		8354DE161D1D223C009688B7 /* MineAddAlipayViewController.m */ = {isa = PBXFileReference; fileEncoding = 4; lastKnownFileType = sourcecode.c.objc; path = MineAddAlipayViewController.m; sourceTree = "<group>"; };
		835DA1C71D1BC50E001D9CC9 /* PaymentBankDatabaseHelper.h */ = {isa = PBXFileReference; fileEncoding = 4; lastKnownFileType = sourcecode.c.h; path = PaymentBankDatabaseHelper.h; sourceTree = "<group>"; };
		835DA1C81D1BC50E001D9CC9 /* PaymentBankDatabaseHelper.m */ = {isa = PBXFileReference; fileEncoding = 4; lastKnownFileType = sourcecode.c.objc; path = PaymentBankDatabaseHelper.m; sourceTree = "<group>"; };
		836E70EB1D0559E400456C57 /* ScanQRCodeViewController.h */ = {isa = PBXFileReference; fileEncoding = 4; lastKnownFileType = sourcecode.c.h; path = ScanQRCodeViewController.h; sourceTree = "<group>"; };
		836E70EC1D0559E400456C57 /* ScanQRCodeViewController.m */ = {isa = PBXFileReference; fileEncoding = 4; lastKnownFileType = sourcecode.c.objc; path = ScanQRCodeViewController.m; sourceTree = "<group>"; };
		837B0A121D0E514000C31D3C /* ForgetPasswordStepTwoViewController.h */ = {isa = PBXFileReference; fileEncoding = 4; lastKnownFileType = sourcecode.c.h; path = ForgetPasswordStepTwoViewController.h; sourceTree = "<group>"; };
		837B0A131D0E514000C31D3C /* ForgetPasswordStepTwoViewController.m */ = {isa = PBXFileReference; fileEncoding = 4; lastKnownFileType = sourcecode.c.objc; path = ForgetPasswordStepTwoViewController.m; sourceTree = "<group>"; };
		837B0A161D0E59E000C31D3C /* ConfigYTKRequest.h */ = {isa = PBXFileReference; fileEncoding = 4; lastKnownFileType = sourcecode.c.h; path = ConfigYTKRequest.h; sourceTree = "<group>"; };
		837B0A171D0E59E000C31D3C /* ConfigYTKRequest.m */ = {isa = PBXFileReference; fileEncoding = 4; lastKnownFileType = sourcecode.c.objc; path = ConfigYTKRequest.m; sourceTree = "<group>"; };
		837B0A181D0E59E000C31D3C /* RequestAccessory.h */ = {isa = PBXFileReference; fileEncoding = 4; lastKnownFileType = sourcecode.c.h; path = RequestAccessory.h; sourceTree = "<group>"; };
		837B0A191D0E59E000C31D3C /* RequestAccessory.m */ = {isa = PBXFileReference; fileEncoding = 4; lastKnownFileType = sourcecode.c.objc; path = RequestAccessory.m; sourceTree = "<group>"; };
		837B0A1D1D0E75A000C31D3C /* AccountHelper.h */ = {isa = PBXFileReference; fileEncoding = 4; lastKnownFileType = sourcecode.c.h; path = AccountHelper.h; sourceTree = "<group>"; };
		837B0A1E1D0E75A000C31D3C /* AccountHelper.m */ = {isa = PBXFileReference; fileEncoding = 4; lastKnownFileType = sourcecode.c.objc; path = AccountHelper.m; sourceTree = "<group>"; };
		837B0A1F1D0E75A000C31D3C /* AccountManager.h */ = {isa = PBXFileReference; fileEncoding = 4; lastKnownFileType = sourcecode.c.h; path = AccountManager.h; sourceTree = "<group>"; };
		837B0A201D0E75A000C31D3C /* AccountManager.m */ = {isa = PBXFileReference; fileEncoding = 4; lastKnownFileType = sourcecode.c.objc; path = AccountManager.m; sourceTree = "<group>"; };
		837B0A211D0E75A000C31D3C /* DatabaseHelper.h */ = {isa = PBXFileReference; fileEncoding = 4; lastKnownFileType = sourcecode.c.h; path = DatabaseHelper.h; sourceTree = "<group>"; };
		837B0A221D0E75A000C31D3C /* DatabaseHelper.m */ = {isa = PBXFileReference; fileEncoding = 4; lastKnownFileType = sourcecode.c.objc; path = DatabaseHelper.m; sourceTree = "<group>"; };
		837B0A231D0E75A000C31D3C /* SharedDatabaseHelper.h */ = {isa = PBXFileReference; fileEncoding = 4; lastKnownFileType = sourcecode.c.h; path = SharedDatabaseHelper.h; sourceTree = "<group>"; };
		837B0A241D0E75A000C31D3C /* SharedDatabaseHelper.m */ = {isa = PBXFileReference; fileEncoding = 4; lastKnownFileType = sourcecode.c.objc; path = SharedDatabaseHelper.m; sourceTree = "<group>"; };
		837B0A291D0E76E000C31D3C /* LoginApi.h */ = {isa = PBXFileReference; fileEncoding = 4; lastKnownFileType = sourcecode.c.h; path = LoginApi.h; sourceTree = "<group>"; };
		837B0A2A1D0E76E000C31D3C /* LoginApi.m */ = {isa = PBXFileReference; fileEncoding = 4; lastKnownFileType = sourcecode.c.objc; path = LoginApi.m; sourceTree = "<group>"; };
		837B0A2C1D0E85D600C31D3C /* MemberInformationApi.h */ = {isa = PBXFileReference; fileEncoding = 4; lastKnownFileType = sourcecode.c.h; path = MemberInformationApi.h; sourceTree = "<group>"; };
		837B0A2D1D0E85D600C31D3C /* MemberInformationApi.m */ = {isa = PBXFileReference; fileEncoding = 4; lastKnownFileType = sourcecode.c.objc; path = MemberInformationApi.m; sourceTree = "<group>"; };
		838343501D0BC87A007F3EB6 /* LoginViewController.h */ = {isa = PBXFileReference; fileEncoding = 4; lastKnownFileType = sourcecode.c.h; path = LoginViewController.h; sourceTree = "<group>"; };
		838343511D0BC87A007F3EB6 /* LoginViewController.m */ = {isa = PBXFileReference; fileEncoding = 4; lastKnownFileType = sourcecode.c.objc; path = LoginViewController.m; sourceTree = "<group>"; };
		838BE4611D017EDA00D12AC2 /* Crashlytics.framework */ = {isa = PBXFileReference; lastKnownFileType = wrapper.framework; path = Crashlytics.framework; sourceTree = SOURCE_ROOT; };
		838BE4621D017EDA00D12AC2 /* Fabric.framework */ = {isa = PBXFileReference; lastKnownFileType = wrapper.framework; path = Fabric.framework; sourceTree = SOURCE_ROOT; };
		8399922B1D162F170077891D /* MineTableViewHeaderView.h */ = {isa = PBXFileReference; fileEncoding = 4; lastKnownFileType = sourcecode.c.h; path = MineTableViewHeaderView.h; sourceTree = "<group>"; };
		8399922C1D162F170077891D /* MineTableViewHeaderView.m */ = {isa = PBXFileReference; fileEncoding = 4; lastKnownFileType = sourcecode.c.objc; path = MineTableViewHeaderView.m; sourceTree = "<group>"; };
		83C479A01D1131BF00C5E3AB /* FacebookSignupViewController.h */ = {isa = PBXFileReference; fileEncoding = 4; lastKnownFileType = sourcecode.c.h; path = FacebookSignupViewController.h; sourceTree = "<group>"; };
		83C479A11D1131BF00C5E3AB /* FacebookSignupViewController.m */ = {isa = PBXFileReference; fileEncoding = 4; lastKnownFileType = sourcecode.c.objc; path = FacebookSignupViewController.m; sourceTree = "<group>"; };
		83E3D5DB1D0134BB00B71E2D /* AppDelegate.h */ = {isa = PBXFileReference; fileEncoding = 4; lastKnownFileType = sourcecode.c.h; path = AppDelegate.h; sourceTree = "<group>"; };
		83E3D5DC1D0134BB00B71E2D /* AppDelegate.m */ = {isa = PBXFileReference; fileEncoding = 4; lastKnownFileType = sourcecode.c.objc; path = AppDelegate.m; sourceTree = "<group>"; };
		83E3D5DF1D01389C00B71E2D /* BaseNavigationController.h */ = {isa = PBXFileReference; fileEncoding = 4; lastKnownFileType = sourcecode.c.h; path = BaseNavigationController.h; sourceTree = "<group>"; };
		83E3D5E01D01389C00B71E2D /* BaseNavigationController.m */ = {isa = PBXFileReference; fileEncoding = 4; lastKnownFileType = sourcecode.c.objc; path = BaseNavigationController.m; sourceTree = "<group>"; };
		83E3D5E11D01389C00B71E2D /* BaseViewController.h */ = {isa = PBXFileReference; fileEncoding = 4; lastKnownFileType = sourcecode.c.h; path = BaseViewController.h; sourceTree = "<group>"; };
		83E3D5E21D01389C00B71E2D /* BaseViewController.m */ = {isa = PBXFileReference; fileEncoding = 4; lastKnownFileType = sourcecode.c.objc; path = BaseViewController.m; sourceTree = "<group>"; };
		83E3D5E61D0139F000B71E2D /* UIConfig.h */ = {isa = PBXFileReference; fileEncoding = 4; lastKnownFileType = sourcecode.c.h; path = UIConfig.h; sourceTree = "<group>"; };
		83E3D5E71D013AAD00B71E2D /* Config.h */ = {isa = PBXFileReference; fileEncoding = 4; lastKnownFileType = sourcecode.c.h; path = Config.h; sourceTree = "<group>"; };
		83E3D5E81D013AAD00B71E2D /* Config.m */ = {isa = PBXFileReference; fileEncoding = 4; lastKnownFileType = sourcecode.c.objc; path = Config.m; sourceTree = "<group>"; };
		83E3D5EA1D013D3700B71E2D /* BangBangBao-Prefix.pch */ = {isa = PBXFileReference; fileEncoding = 4; lastKnownFileType = sourcecode.c.h; path = "BangBangBao-Prefix.pch"; sourceTree = "<group>"; };
		83EA69F21D1B746C00FEC452 /* BBBSocketConnection.h */ = {isa = PBXFileReference; fileEncoding = 4; lastKnownFileType = sourcecode.c.h; path = BBBSocketConnection.h; sourceTree = "<group>"; };
		83EA69F31D1B746C00FEC452 /* BBBSocketConnection.m */ = {isa = PBXFileReference; fileEncoding = 4; lastKnownFileType = sourcecode.c.objc; path = BBBSocketConnection.m; sourceTree = "<group>"; };
		83EA69F51D1B83CC00FEC452 /* Payment_Bank.h */ = {isa = PBXFileReference; fileEncoding = 4; lastKnownFileType = sourcecode.c.h; path = Payment_Bank.h; sourceTree = "<group>"; };
		83EA69F61D1B83CC00FEC452 /* Payment_Bank.m */ = {isa = PBXFileReference; fileEncoding = 4; lastKnownFileType = sourcecode.c.objc; path = Payment_Bank.m; sourceTree = "<group>"; };
		83EA69F91D1B869D00FEC452 /* PaymentsApi.h */ = {isa = PBXFileReference; fileEncoding = 4; lastKnownFileType = sourcecode.c.h; path = PaymentsApi.h; sourceTree = "<group>"; };
		83EA69FA1D1B869D00FEC452 /* PaymentsApi.m */ = {isa = PBXFileReference; fileEncoding = 4; lastKnownFileType = sourcecode.c.objc; path = PaymentsApi.m; sourceTree = "<group>"; };
		83F508551D20CFCC000CC4EA /* CreateAlipayAccountApi.h */ = {isa = PBXFileReference; fileEncoding = 4; lastKnownFileType = sourcecode.c.h; path = CreateAlipayAccountApi.h; sourceTree = "<group>"; };
		83F508561D20CFCC000CC4EA /* CreateAlipayAccountApi.m */ = {isa = PBXFileReference; fileEncoding = 4; lastKnownFileType = sourcecode.c.objc; path = CreateAlipayAccountApi.m; sourceTree = "<group>"; };
		83FDF7A41D067C0D0044E782 /* EncryptTools.h */ = {isa = PBXFileReference; fileEncoding = 4; lastKnownFileType = sourcecode.c.h; path = EncryptTools.h; sourceTree = "<group>"; };
		83FDF7A51D067C0D0044E782 /* EncryptTools.m */ = {isa = PBXFileReference; fileEncoding = 4; lastKnownFileType = sourcecode.c.objc; path = EncryptTools.m; sourceTree = "<group>"; };
		83FDF7A61D067C0D0044E782 /* MF_Base64Additions.h */ = {isa = PBXFileReference; fileEncoding = 4; lastKnownFileType = sourcecode.c.h; path = MF_Base64Additions.h; sourceTree = "<group>"; };
		83FDF7A71D067C0D0044E782 /* MF_Base64Additions.m */ = {isa = PBXFileReference; fileEncoding = 4; lastKnownFileType = sourcecode.c.objc; path = MF_Base64Additions.m; sourceTree = "<group>"; };
		83FDF7A81D067C0D0044E782 /* VerifyTools.h */ = {isa = PBXFileReference; fileEncoding = 4; lastKnownFileType = sourcecode.c.h; path = VerifyTools.h; sourceTree = "<group>"; };
		83FDF7A91D067C0D0044E782 /* VerifyTools.m */ = {isa = PBXFileReference; fileEncoding = 4; lastKnownFileType = sourcecode.c.objc; path = VerifyTools.m; sourceTree = "<group>"; };
		83FDF7AB1D067C0D0044E782 /* MBProgressHUD+Helper.h */ = {isa = PBXFileReference; fileEncoding = 4; lastKnownFileType = sourcecode.c.h; path = "MBProgressHUD+Helper.h"; sourceTree = "<group>"; };
		83FDF7AC1D067C0D0044E782 /* MBProgressHUD+Helper.m */ = {isa = PBXFileReference; fileEncoding = 4; lastKnownFileType = sourcecode.c.objc; path = "MBProgressHUD+Helper.m"; sourceTree = "<group>"; };
		83FDF7AD1D067C0D0044E782 /* MostTopViewControllerTools.h */ = {isa = PBXFileReference; fileEncoding = 4; lastKnownFileType = sourcecode.c.h; path = MostTopViewControllerTools.h; sourceTree = "<group>"; };
		83FDF7AE1D067C0D0044E782 /* MostTopViewControllerTools.m */ = {isa = PBXFileReference; fileEncoding = 4; lastKnownFileType = sourcecode.c.objc; path = MostTopViewControllerTools.m; sourceTree = "<group>"; };
		F692E501644EEE35163D1C0F /* Pods-BangBangBao.debug.xcconfig */ = {isa = PBXFileReference; includeInIndex = 1; lastKnownFileType = text.xcconfig; name = "Pods-BangBangBao.debug.xcconfig"; path = "Pods/Target Support Files/Pods-BangBangBao/Pods-BangBangBao.debug.xcconfig"; sourceTree = "<group>"; };
/* End PBXFileReference section */

/* Begin PBXFrameworksBuildPhase section */
		8345770A1D011C6200558456 /* Frameworks */ = {
			isa = PBXFrameworksBuildPhase;
			buildActionMask = 2147483647;
			files = (
				83FDF79A1D06600C0044E782 /* Crashlytics.framework in Frameworks */,
				830480731D2630B400B75073 /* FBSDKCoreKit.framework in Frameworks */,
				830480751D2630B400B75073 /* FBSDKShareKit.framework in Frameworks */,
				830480741D2630B400B75073 /* FBSDKLoginKit.framework in Frameworks */,
				83FDF79B1D06600C0044E782 /* Fabric.framework in Frameworks */,
				465178ADE25D6564C0308C98 /* libPods-BangBangBao.a in Frameworks */,
			);
			runOnlyForDeploymentPostprocessing = 0;
		};
		834577231D011C6200558456 /* Frameworks */ = {
			isa = PBXFrameworksBuildPhase;
			buildActionMask = 2147483647;
			files = (
			);
			runOnlyForDeploymentPostprocessing = 0;
		};
		8345772E1D011C6200558456 /* Frameworks */ = {
			isa = PBXFrameworksBuildPhase;
			buildActionMask = 2147483647;
			files = (
			);
			runOnlyForDeploymentPostprocessing = 0;
		};
/* End PBXFrameworksBuildPhase section */

/* Begin PBXGroup section */
		831137381D07CA9F00BACDDE /* OtherViewController */ = {
			isa = PBXGroup;
			children = (
				83325E151D13939B0062EEBE /* IntroViewController.h */,
				83325E161D13939B0062EEBE /* IntroViewController.m */,
				834748A11D0BA82300EFADE0 /* WelcomeViewController.h */,
				834748A21D0BA82300EFADE0 /* WelcomeViewController.m */,
				838343501D0BC87A007F3EB6 /* LoginViewController.h */,
				838343511D0BC87A007F3EB6 /* LoginViewController.m */,
				8323EDB11D0CEF4500005152 /* SignupViewController.h */,
				8323EDB21D0CEF4500005152 /* SignupViewController.m */,
				83C479A01D1131BF00C5E3AB /* FacebookSignupViewController.h */,
				83C479A11D1131BF00C5E3AB /* FacebookSignupViewController.m */,
				8323EDB41D0D08EC00005152 /* ForgetPasswordViewController.h */,
				8323EDB51D0D08EC00005152 /* ForgetPasswordViewController.m */,
				837B0A121D0E514000C31D3C /* ForgetPasswordStepTwoViewController.h */,
				837B0A131D0E514000C31D3C /* ForgetPasswordStepTwoViewController.m */,
			);
			path = OtherViewController;
			sourceTree = "<group>";
		};
		833B3D891D1279E50008D3AD /* Main */ = {
			isa = PBXGroup;
			children = (
				833B3D8A1D1279E50008D3AD /* Controller */,
				833B3D8D1D1279E50008D3AD /* Helper */,
				833B3D8E1D1279E50008D3AD /* Model */,
				833B3D8F1D1279E50008D3AD /* Store */,
				833B3D901D1279E50008D3AD /* View */,
			);
			path = Main;
			sourceTree = "<group>";
		};
		833B3D8A1D1279E50008D3AD /* Controller */ = {
			isa = PBXGroup;
			children = (
				833B3D8B1D1279E50008D3AD /* ViewController.h */,
				833B3D8C1D1279E50008D3AD /* ViewController.m */,
				83325E211D13A86F0062EEBE /* MainBusinessRecordViewController.h */,
				83325E221D13A86F0062EEBE /* MainBusinessRecordViewController.m */,
				83325E241D13A8AF0062EEBE /* MainYuanbaoBusinessRecordViewController.h */,
				83325E251D13A8AF0062EEBE /* MainYuanbaoBusinessRecordViewController.m */,
			);
			path = Controller;
			sourceTree = "<group>";
		};
		833B3D8D1D1279E50008D3AD /* Helper */ = {
			isa = PBXGroup;
			children = (
			);
			path = Helper;
			sourceTree = "<group>";
		};
		833B3D8E1D1279E50008D3AD /* Model */ = {
			isa = PBXGroup;
			children = (
			);
			path = Model;
			sourceTree = "<group>";
		};
		833B3D8F1D1279E50008D3AD /* Store */ = {
			isa = PBXGroup;
			children = (
			);
			path = Store;
			sourceTree = "<group>";
		};
		833B3D901D1279E50008D3AD /* View */ = {
			isa = PBXGroup;
			children = (
				833B3D951D128DEF0008D3AD /* MainCollectionViewCell.h */,
				833B3D961D128DEF0008D3AD /* MainCollectionViewCell.m */,
				83325E1B1D139DD90062EEBE /* MainFooterSubView.h */,
				83325E1C1D139DD90062EEBE /* MainFooterSubView.m */,
				83325E1E1D139E3A0062EEBE /* MainFooterView.h */,
				83325E1F1D139E3A0062EEBE /* MainFooterView.m */,
			);
			path = View;
			sourceTree = "<group>";
		};
		834577041D011C6200558456 = {
			isa = PBXGroup;
			children = (
				8345770F1D011C6200558456 /* BangBangBao */,
				8345771C1D011C6200558456 /* Assets.xcassets */,
				834577291D011C6200558456 /* BangBangBaoTests */,
				834577341D011C6200558456 /* BangBangBaoUITests */,
				8345770E1D011C6200558456 /* Products */,
				E93A8374766770B974E15466 /* Frameworks */,
				C909E028A3FE0AA74036E0A2 /* Pods */,
			);
			sourceTree = "<group>";
		};
		8345770E1D011C6200558456 /* Products */ = {
			isa = PBXGroup;
			children = (
				8345770D1D011C6200558456 /* BangBangBao.app */,
				834577261D011C6200558456 /* BangBangBaoTests.xctest */,
				834577311D011C6200558456 /* BangBangBaoUITests.xctest */,
			);
			name = Products;
			sourceTree = "<group>";
		};
		8345770F1D011C6200558456 /* BangBangBao */ = {
			isa = PBXGroup;
			children = (
				834E599B1D0FD1CD00B68FAA /* CurrentUser */,
				837B0A151D0E59AB00C31D3C /* API */,
				83E3D5E51D0139F000B71E2D /* AppConfigration */,
				83E3D5DA1D0134BB00B71E2D /* AppDelegate */,
				83E3D5DE1D01389C00B71E2D /* BaseViewController */,
				831137381D07CA9F00BACDDE /* OtherViewController */,
				836E70E71D05550E00456C57 /* ScanQRCode */,
				833B3D891D1279E50008D3AD /* Main */,
				836E70EF1D05657600456C57 /* Setting */,
				83FDF7A21D067C0D0044E782 /* Toolkit */,
				83EA69EE1D1B73CC00FEC452 /* Socket */,
				834577101D011C6200558456 /* Supporting Files */,
			);
			path = BangBangBao;
			sourceTree = "<group>";
		};
		834577101D011C6200558456 /* Supporting Files */ = {
			isa = PBXGroup;
			children = (
				830AEA021D238FF30022C463 /* bank_info.json */,
				834577211D011C6200558456 /* Info.plist */,
				834577111D011C6200558456 /* main.m */,
				83E3D5EA1D013D3700B71E2D /* BangBangBao-Prefix.pch */,
			);
			name = "Supporting Files";
			sourceTree = "<group>";
		};
		834577291D011C6200558456 /* BangBangBaoTests */ = {
			isa = PBXGroup;
			children = (
				8345772A1D011C6200558456 /* BangBangBaoTests.m */,
				8345772C1D011C6200558456 /* Info.plist */,
			);
			path = BangBangBaoTests;
			sourceTree = "<group>";
		};
		834577341D011C6200558456 /* BangBangBaoUITests */ = {
			isa = PBXGroup;
			children = (
				834577351D011C6200558456 /* BangBangBaoUITests.m */,
				834577371D011C6200558456 /* Info.plist */,
			);
			path = BangBangBaoUITests;
			sourceTree = "<group>";
		};
		834E599B1D0FD1CD00B68FAA /* CurrentUser */ = {
			isa = PBXGroup;
			children = (
				834E599F1D0FD25700B68FAA /* FacebookData.h */,
				834E59A01D0FD25700B68FAA /* FacebookData.m */,
				834E599C1D0FD20100B68FAA /* User.h */,
				834E599D1D0FD20100B68FAA /* User.m */,
			);
			path = CurrentUser;
			sourceTree = "<group>";
		};
		836E70E71D05550E00456C57 /* ScanQRCode */ = {
			isa = PBXGroup;
			children = (
				836E70EB1D0559E400456C57 /* ScanQRCodeViewController.h */,
				836E70EC1D0559E400456C57 /* ScanQRCodeViewController.m */,
			);
			path = ScanQRCode;
			sourceTree = "<group>";
		};
		836E70EF1D05657600456C57 /* Setting */ = {
			isa = PBXGroup;
			children = (
				836E70FB1D05660E00456C57 /* Controller */,
				836E70FC1D05660E00456C57 /* Helper */,
				836E70FD1D05660E00456C57 /* Model */,
				836E70FE1D05660E00456C57 /* Store */,
				836E70FF1D05660E00456C57 /* View */,
			);
			path = Setting;
			sourceTree = "<group>";
		};
		836E70FB1D05660E00456C57 /* Controller */ = {
			isa = PBXGroup;
			children = (
				833B3D921D127A5D0008D3AD /* MineViewController.h */,
				833B3D931D127A5D0008D3AD /* MineViewController.m */,
				834714AF1D1A2A5200E94102 /* MineInformationEditViewController.h */,
				834714B01D1A2A5200E94102 /* MineInformationEditViewController.m */,
				834714B21D1A2EBB00E94102 /* MineBankInformationViewController.h */,
				834714B31D1A2EBB00E94102 /* MineBankInformationViewController.m */,
				830AE9FF1D238EED0022C463 /* MineAddBankViewController.h */,
				830AEA001D238EED0022C463 /* MineAddBankViewController.m */,
				834714B51D1A2F8F00E94102 /* MineAlipayInformationViewController.h */,
				834714B61D1A2F8F00E94102 /* MineAlipayInformationViewController.m */,
				8354DE151D1D223C009688B7 /* MineAddAlipayViewController.h */,
				8354DE161D1D223C009688B7 /* MineAddAlipayViewController.m */,
				834714B81D1A30A800E94102 /* MineMemberAnnouncementViewController.h */,
				834714B91D1A30A800E94102 /* MineMemberAnnouncementViewController.m */,
				834714BB1D1A315F00E94102 /* MineRecommendFriendsViewController.h */,
				834714BC1D1A315F00E94102 /* MineRecommendFriendsViewController.m */,
				834714BE1D1A31D800E94102 /* MineAboutBangBangBaoViewController.h */,
				834714BF1D1A31D800E94102 /* MineAboutBangBangBaoViewController.m */,
			);
			path = Controller;
			sourceTree = "<group>";
		};
		836E70FC1D05660E00456C57 /* Helper */ = {
			isa = PBXGroup;
			children = (
			);
			path = Helper;
			sourceTree = "<group>";
		};
		836E70FD1D05660E00456C57 /* Model */ = {
			isa = PBXGroup;
			children = (
				830AEA041D23AEB60022C463 /* BankInformation.h */,
				830AEA051D23AEB60022C463 /* BankInformation.m */,
				83EA69F51D1B83CC00FEC452 /* Payment_Bank.h */,
				83EA69F61D1B83CC00FEC452 /* Payment_Bank.m */,
				834F379F1D1CC6B100564081 /* Payment_Alipay.h */,
				834F37A01D1CC6B100564081 /* Payment_Alipay.m */,
			);
			path = Model;
			sourceTree = "<group>";
		};
		836E70FE1D05660E00456C57 /* Store */ = {
			isa = PBXGroup;
			children = (
				835DA1C71D1BC50E001D9CC9 /* PaymentBankDatabaseHelper.h */,
				835DA1C81D1BC50E001D9CC9 /* PaymentBankDatabaseHelper.m */,
				834F37A21D1CC74300564081 /* PaymentAlipayDatabaseHelper.h */,
				834F37A31D1CC74300564081 /* PaymentAlipayDatabaseHelper.m */,
			);
			path = Store;
			sourceTree = "<group>";
		};
		836E70FF1D05660E00456C57 /* View */ = {
			isa = PBXGroup;
			children = (
				83325E271D13D0060062EEBE /* MineTableViewCell.h */,
				83325E281D13D0060062EEBE /* MineTableViewCell.m */,
				8399922B1D162F170077891D /* MineTableViewHeaderView.h */,
				8399922C1D162F170077891D /* MineTableViewHeaderView.m */,
				8354DE121D1CEA63009688B7 /* MineBankTableViewCell.h */,
				8354DE131D1CEA63009688B7 /* MineBankTableViewCell.m */,
			);
			path = View;
			sourceTree = "<group>";
		};
		837B0A151D0E59AB00C31D3C /* API */ = {
			isa = PBXGroup;
			children = (
				837B0A161D0E59E000C31D3C /* ConfigYTKRequest.h */,
				837B0A171D0E59E000C31D3C /* ConfigYTKRequest.m */,
				837B0A181D0E59E000C31D3C /* RequestAccessory.h */,
				837B0A191D0E59E000C31D3C /* RequestAccessory.m */,
				837B0A1C1D0E73DD00C31D3C /* Other */,
				83EA69F81D1B864B00FEC452 /* Mine */,
			);
			path = API;
			sourceTree = "<group>";
		};
		837B0A1C1D0E73DD00C31D3C /* Other */ = {
			isa = PBXGroup;
			children = (
				837B0A291D0E76E000C31D3C /* LoginApi.h */,
				837B0A2A1D0E76E000C31D3C /* LoginApi.m */,
				83325E181D13942A0062EEBE /* LoginWithFacebookApi.h */,
				83325E191D13942A0062EEBE /* LoginWithFacebookApi.m */,
				837B0A2C1D0E85D600C31D3C /* MemberInformationApi.h */,
				837B0A2D1D0E85D600C31D3C /* MemberInformationApi.m */,
			);
			path = Other;
			sourceTree = "<group>";
		};
		83E3D5DA1D0134BB00B71E2D /* AppDelegate */ = {
			isa = PBXGroup;
			children = (
				83E3D5DB1D0134BB00B71E2D /* AppDelegate.h */,
				83E3D5DC1D0134BB00B71E2D /* AppDelegate.m */,
			);
			path = AppDelegate;
			sourceTree = "<group>";
		};
		83E3D5DE1D01389C00B71E2D /* BaseViewController */ = {
			isa = PBXGroup;
			children = (
				83E3D5DF1D01389C00B71E2D /* BaseNavigationController.h */,
				83E3D5E01D01389C00B71E2D /* BaseNavigationController.m */,
				83E3D5E11D01389C00B71E2D /* BaseViewController.h */,
				83E3D5E21D01389C00B71E2D /* BaseViewController.m */,
			);
			path = BaseViewController;
			sourceTree = "<group>";
		};
		83E3D5E51D0139F000B71E2D /* AppConfigration */ = {
			isa = PBXGroup;
			children = (
				83E3D5E61D0139F000B71E2D /* UIConfig.h */,
				83E3D5E71D013AAD00B71E2D /* Config.h */,
				83E3D5E81D013AAD00B71E2D /* Config.m */,
				837B0A1D1D0E75A000C31D3C /* AccountHelper.h */,
				837B0A1E1D0E75A000C31D3C /* AccountHelper.m */,
				837B0A1F1D0E75A000C31D3C /* AccountManager.h */,
				837B0A201D0E75A000C31D3C /* AccountManager.m */,
				837B0A211D0E75A000C31D3C /* DatabaseHelper.h */,
				837B0A221D0E75A000C31D3C /* DatabaseHelper.m */,
				837B0A231D0E75A000C31D3C /* SharedDatabaseHelper.h */,
				837B0A241D0E75A000C31D3C /* SharedDatabaseHelper.m */,
			);
			path = AppConfigration;
			sourceTree = "<group>";
		};
		83EA69EE1D1B73CC00FEC452 /* Socket */ = {
			isa = PBXGroup;
			children = (
				83EA69F21D1B746C00FEC452 /* BBBSocketConnection.h */,
				83EA69F31D1B746C00FEC452 /* BBBSocketConnection.m */,
			);
			path = Socket;
			sourceTree = "<group>";
		};
		83EA69F81D1B864B00FEC452 /* Mine */ = {
			isa = PBXGroup;
			children = (
				83EA69F91D1B869D00FEC452 /* PaymentsApi.h */,
				83EA69FA1D1B869D00FEC452 /* PaymentsApi.m */,
				834F37A51D1CCBDC00564081 /* AccountApi.h */,
				834F37A61D1CCBDC00564081 /* AccountApi.m */,
				83F508551D20CFCC000CC4EA /* CreateAlipayAccountApi.h */,
				83F508561D20CFCC000CC4EA /* CreateAlipayAccountApi.m */,
				832C1A9E1D20ED0100E40527 /* AccountDeleteApi.h */,
				832C1A9F1D20ED0100E40527 /* AccountDeleteApi.m */,
			);
			path = Mine;
			sourceTree = "<group>";
		};
		83FDF7A21D067C0D0044E782 /* Toolkit */ = {
			isa = PBXGroup;
			children = (
				83FDF7A31D067C0D0044E782 /* Foundation */,
				83FDF7AA1D067C0D0044E782 /* UIKit */,
			);
			path = Toolkit;
			sourceTree = "<group>";
		};
		83FDF7A31D067C0D0044E782 /* Foundation */ = {
			isa = PBXGroup;
			children = (
				83FDF7A41D067C0D0044E782 /* EncryptTools.h */,
				83FDF7A51D067C0D0044E782 /* EncryptTools.m */,
				83FDF7A61D067C0D0044E782 /* MF_Base64Additions.h */,
				83FDF7A71D067C0D0044E782 /* MF_Base64Additions.m */,
				83FDF7A81D067C0D0044E782 /* VerifyTools.h */,
				83FDF7A91D067C0D0044E782 /* VerifyTools.m */,
				834E59981D0FA44E00B68FAA /* NSString+NSString_Extended.h */,
				834E59991D0FA44E00B68FAA /* NSString+NSString_Extended.m */,
			);
			path = Foundation;
			sourceTree = "<group>";
		};
		83FDF7AA1D067C0D0044E782 /* UIKit */ = {
			isa = PBXGroup;
			children = (
				83FDF7AB1D067C0D0044E782 /* MBProgressHUD+Helper.h */,
				83FDF7AC1D067C0D0044E782 /* MBProgressHUD+Helper.m */,
				83FDF7AD1D067C0D0044E782 /* MostTopViewControllerTools.h */,
				83FDF7AE1D067C0D0044E782 /* MostTopViewControllerTools.m */,
			);
			path = UIKit;
			sourceTree = "<group>";
		};
		C909E028A3FE0AA74036E0A2 /* Pods */ = {
			isa = PBXGroup;
			children = (
				F692E501644EEE35163D1C0F /* Pods-BangBangBao.debug.xcconfig */,
				8199B71886D002DE4EEF55F7 /* Pods-BangBangBao.release.xcconfig */,
			);
			name = Pods;
			sourceTree = "<group>";
		};
		E93A8374766770B974E15466 /* Frameworks */ = {
			isa = PBXGroup;
			children = (
				830480701D2630B400B75073 /* FBSDKCoreKit.framework */,
				830480711D2630B400B75073 /* FBSDKLoginKit.framework */,
				830480721D2630B400B75073 /* FBSDKShareKit.framework */,
				838BE4611D017EDA00D12AC2 /* Crashlytics.framework */,
				838BE4621D017EDA00D12AC2 /* Fabric.framework */,
				09D7B671A672F94C8E349712 /* libPods-BangBangBao.a */,
			);
			name = Frameworks;
			sourceTree = "<group>";
		};
/* End PBXGroup section */

/* Begin PBXNativeTarget section */
		8345770C1D011C6200558456 /* BangBangBao */ = {
			isa = PBXNativeTarget;
			buildConfigurationList = 8345773A1D011C6200558456 /* Build configuration list for PBXNativeTarget "BangBangBao" */;
			buildPhases = (
				44D93C83400B97073D558334 /* [CP] Check Pods Manifest.lock */,
				834577091D011C6200558456 /* Sources */,
				8345770A1D011C6200558456 /* Frameworks */,
				8345770B1D011C6200558456 /* Resources */,
				94E325C93C409F5AC12E9118 /* [CP] Embed Pods Frameworks */,
				DD846D2AB00A965F380CF61C /* [CP] Copy Pods Resources */,
				838BE45C1D017BF400D12AC2 /* ShellScript */,
			);
			buildRules = (
			);
			dependencies = (
			);
			name = BangBangBao;
			productName = BangBangBao;
			productReference = 8345770D1D011C6200558456 /* BangBangBao.app */;
			productType = "com.apple.product-type.application";
		};
		834577251D011C6200558456 /* BangBangBaoTests */ = {
			isa = PBXNativeTarget;
			buildConfigurationList = 8345773D1D011C6200558456 /* Build configuration list for PBXNativeTarget "BangBangBaoTests" */;
			buildPhases = (
				834577221D011C6200558456 /* Sources */,
				834577231D011C6200558456 /* Frameworks */,
				834577241D011C6200558456 /* Resources */,
			);
			buildRules = (
			);
			dependencies = (
				834577281D011C6200558456 /* PBXTargetDependency */,
			);
			name = BangBangBaoTests;
			productName = BangBangBaoTests;
			productReference = 834577261D011C6200558456 /* BangBangBaoTests.xctest */;
			productType = "com.apple.product-type.bundle.unit-test";
		};
		834577301D011C6200558456 /* BangBangBaoUITests */ = {
			isa = PBXNativeTarget;
			buildConfigurationList = 834577401D011C6200558456 /* Build configuration list for PBXNativeTarget "BangBangBaoUITests" */;
			buildPhases = (
				8345772D1D011C6200558456 /* Sources */,
				8345772E1D011C6200558456 /* Frameworks */,
				8345772F1D011C6200558456 /* Resources */,
			);
			buildRules = (
			);
			dependencies = (
				834577331D011C6200558456 /* PBXTargetDependency */,
			);
			name = BangBangBaoUITests;
			productName = BangBangBaoUITests;
			productReference = 834577311D011C6200558456 /* BangBangBaoUITests.xctest */;
			productType = "com.apple.product-type.bundle.ui-testing";
		};
/* End PBXNativeTarget section */

/* Begin PBXProject section */
		834577051D011C6200558456 /* Project object */ = {
			isa = PBXProject;
			attributes = {
				LastUpgradeCheck = 0730;
				ORGANIZATIONNAME = "PAYBAO INTERNATIONAL LIMITED";
				TargetAttributes = {
					8345770C1D011C6200558456 = {
						CreatedOnToolsVersion = 7.3.1;
						DevelopmentTeam = DC6PX32954;
					};
					834577251D011C6200558456 = {
						CreatedOnToolsVersion = 7.3.1;
						TestTargetID = 8345770C1D011C6200558456;
					};
					834577301D011C6200558456 = {
						CreatedOnToolsVersion = 7.3.1;
						TestTargetID = 8345770C1D011C6200558456;
					};
				};
			};
			buildConfigurationList = 834577081D011C6200558456 /* Build configuration list for PBXProject "BangBangBao" */;
			compatibilityVersion = "Xcode 3.2";
			developmentRegion = English;
			hasScannedForEncodings = 0;
			knownRegions = (
				en,
				Base,
			);
			mainGroup = 834577041D011C6200558456;
			productRefGroup = 8345770E1D011C6200558456 /* Products */;
			projectDirPath = "";
			projectRoot = "";
			targets = (
				8345770C1D011C6200558456 /* BangBangBao */,
				834577251D011C6200558456 /* BangBangBaoTests */,
				834577301D011C6200558456 /* BangBangBaoUITests */,
			);
		};
/* End PBXProject section */

/* Begin PBXResourcesBuildPhase section */
		8345770B1D011C6200558456 /* Resources */ = {
			isa = PBXResourcesBuildPhase;
			buildActionMask = 2147483647;
			files = (
				8345771D1D011C6200558456 /* Assets.xcassets in Resources */,
				830AEA031D238FF30022C463 /* bank_info.json in Resources */,
			);
			runOnlyForDeploymentPostprocessing = 0;
		};
		834577241D011C6200558456 /* Resources */ = {
			isa = PBXResourcesBuildPhase;
			buildActionMask = 2147483647;
			files = (
			);
			runOnlyForDeploymentPostprocessing = 0;
		};
		8345772F1D011C6200558456 /* Resources */ = {
			isa = PBXResourcesBuildPhase;
			buildActionMask = 2147483647;
			files = (
			);
			runOnlyForDeploymentPostprocessing = 0;
		};
/* End PBXResourcesBuildPhase section */

/* Begin PBXShellScriptBuildPhase section */
		44D93C83400B97073D558334 /* [CP] Check Pods Manifest.lock */ = {
			isa = PBXShellScriptBuildPhase;
			buildActionMask = 2147483647;
			files = (
			);
			inputPaths = (
			);
			name = "[CP] Check Pods Manifest.lock";
			outputPaths = (
			);
			runOnlyForDeploymentPostprocessing = 0;
			shellPath = /bin/sh;
			shellScript = "diff \"${PODS_ROOT}/../Podfile.lock\" \"${PODS_ROOT}/Manifest.lock\" > /dev/null\nif [[ $? != 0 ]] ; then\n    cat << EOM\nerror: The sandbox is not in sync with the Podfile.lock. Run 'pod install' or update your CocoaPods installation.\nEOM\n    exit 1\nfi\n";
			showEnvVarsInLog = 0;
		};
		838BE45C1D017BF400D12AC2 /* ShellScript */ = {
			isa = PBXShellScriptBuildPhase;
			buildActionMask = 2147483647;
			files = (
			);
			inputPaths = (
			);
			outputPaths = (
			);
			runOnlyForDeploymentPostprocessing = 0;
			shellPath = /bin/sh;
			shellScript = "./Fabric.framework/run adb6c6dba2e462026e3494de452a18ec98b17ee6 5a8d7401026ac649042273ae3fc605356fa3e30bff2cb069a27713f3e81ab866";
		};
		94E325C93C409F5AC12E9118 /* [CP] Embed Pods Frameworks */ = {
			isa = PBXShellScriptBuildPhase;
			buildActionMask = 2147483647;
			files = (
			);
			inputPaths = (
			);
			name = "[CP] Embed Pods Frameworks";
			outputPaths = (
			);
			runOnlyForDeploymentPostprocessing = 0;
			shellPath = /bin/sh;
			shellScript = "\"${SRCROOT}/Pods/Target Support Files/Pods-BangBangBao/Pods-BangBangBao-frameworks.sh\"\n";
			showEnvVarsInLog = 0;
		};
		DD846D2AB00A965F380CF61C /* [CP] Copy Pods Resources */ = {
			isa = PBXShellScriptBuildPhase;
			buildActionMask = 2147483647;
			files = (
			);
			inputPaths = (
			);
			name = "[CP] Copy Pods Resources";
			outputPaths = (
			);
			runOnlyForDeploymentPostprocessing = 0;
			shellPath = /bin/sh;
			shellScript = "\"${SRCROOT}/Pods/Target Support Files/Pods-BangBangBao/Pods-BangBangBao-resources.sh\"\n";
			showEnvVarsInLog = 0;
		};
/* End PBXShellScriptBuildPhase section */

/* Begin PBXSourcesBuildPhase section */
		834577091D011C6200558456 /* Sources */ = {
			isa = PBXSourcesBuildPhase;
			buildActionMask = 2147483647;
			files = (
				834714BD1D1A315F00E94102 /* MineRecommendFriendsViewController.m in Sources */,
				83325E1A1D13942A0062EEBE /* LoginWithFacebookApi.m in Sources */,
				834F37A11D1CC6B100564081 /* Payment_Alipay.m in Sources */,
				833B3D941D127A5D0008D3AD /* MineViewController.m in Sources */,
				83325E291D13D0060062EEBE /* MineTableViewCell.m in Sources */,
				837B0A271D0E75A000C31D3C /* DatabaseHelper.m in Sources */,
				837B0A2E1D0E85D600C31D3C /* MemberInformationApi.m in Sources */,
				83E3D5E31D01389C00B71E2D /* BaseNavigationController.m in Sources */,
				83E3D5E91D013AAD00B71E2D /* Config.m in Sources */,
				837B0A141D0E514000C31D3C /* ForgetPasswordStepTwoViewController.m in Sources */,
				834F37A71D1CCBDC00564081 /* AccountApi.m in Sources */,
				8399922D1D162F170077891D /* MineTableViewHeaderView.m in Sources */,
				8323EDB31D0CEF4500005152 /* SignupViewController.m in Sources */,
				835DA1C91D1BC50E001D9CC9 /* PaymentBankDatabaseHelper.m in Sources */,
				834714B41D1A2EBB00E94102 /* MineBankInformationViewController.m in Sources */,
				833B3D971D128DEF0008D3AD /* MainCollectionViewCell.m in Sources */,
				83325E261D13A8AF0062EEBE /* MainYuanbaoBusinessRecordViewController.m in Sources */,
				837B0A1B1D0E59E000C31D3C /* RequestAccessory.m in Sources */,
				83E3D5E41D01389C00B71E2D /* BaseViewController.m in Sources */,
				834577121D011C6200558456 /* main.m in Sources */,
				834E599A1D0FA44E00B68FAA /* NSString+NSString_Extended.m in Sources */,
				834748A31D0BA82300EFADE0 /* WelcomeViewController.m in Sources */,
				83EA69FB1D1B869D00FEC452 /* PaymentsApi.m in Sources */,
				832C1AA01D20ED0100E40527 /* AccountDeleteApi.m in Sources */,
				837B0A261D0E75A000C31D3C /* AccountManager.m in Sources */,
				834F37A41D1CC74300564081 /* PaymentAlipayDatabaseHelper.m in Sources */,
				83FDF7B31D067C0D0044E782 /* MostTopViewControllerTools.m in Sources */,
				83EA69F41D1B746C00FEC452 /* BBBSocketConnection.m in Sources */,
				83325E231D13A86F0062EEBE /* MainBusinessRecordViewController.m in Sources */,
				8323EDB61D0D08EC00005152 /* ForgetPasswordViewController.m in Sources */,
				837B0A251D0E75A000C31D3C /* AccountHelper.m in Sources */,
				837B0A2B1D0E76E000C31D3C /* LoginApi.m in Sources */,
				837B0A281D0E75A000C31D3C /* SharedDatabaseHelper.m in Sources */,
				83FDF7B21D067C0D0044E782 /* MBProgressHUD+Helper.m in Sources */,
				838343521D0BC87A007F3EB6 /* LoginViewController.m in Sources */,
				834714B11D1A2A5200E94102 /* MineInformationEditViewController.m in Sources */,
				83FDF7AF1D067C0D0044E782 /* EncryptTools.m in Sources */,
				834714C01D1A31D800E94102 /* MineAboutBangBangBaoViewController.m in Sources */,
				83FDF7B11D067C0D0044E782 /* VerifyTools.m in Sources */,
				83E3D5DD1D0134BB00B71E2D /* AppDelegate.m in Sources */,
				834E599E1D0FD20100B68FAA /* User.m in Sources */,
				834714B71D1A2F8F00E94102 /* MineAlipayInformationViewController.m in Sources */,
				833B3D911D1279E50008D3AD /* ViewController.m in Sources */,
				834714BA1D1A30A800E94102 /* MineMemberAnnouncementViewController.m in Sources */,
				83325E1D1D139DD90062EEBE /* MainFooterSubView.m in Sources */,
				837B0A1A1D0E59E000C31D3C /* ConfigYTKRequest.m in Sources */,
				830AEA061D23AEB60022C463 /* BankInformation.m in Sources */,
				83325E171D13939B0062EEBE /* IntroViewController.m in Sources */,
				83325E201D139E3A0062EEBE /* MainFooterView.m in Sources */,
				8354DE171D1D223C009688B7 /* MineAddAlipayViewController.m in Sources */,
				83F508571D20CFCC000CC4EA /* CreateAlipayAccountApi.m in Sources */,
				830AEA011D238EED0022C463 /* MineAddBankViewController.m in Sources */,
				83C479A21D1131BF00C5E3AB /* FacebookSignupViewController.m in Sources */,
				83FDF7B01D067C0D0044E782 /* MF_Base64Additions.m in Sources */,
				834E59A11D0FD25700B68FAA /* FacebookData.m in Sources */,
				836E70ED1D0559E400456C57 /* ScanQRCodeViewController.m in Sources */,
				8354DE141D1CEA63009688B7 /* MineBankTableViewCell.m in Sources */,
				83EA69F71D1B83CC00FEC452 /* Payment_Bank.m in Sources */,
			);
			runOnlyForDeploymentPostprocessing = 0;
		};
		834577221D011C6200558456 /* Sources */ = {
			isa = PBXSourcesBuildPhase;
			buildActionMask = 2147483647;
			files = (
				8345772B1D011C6200558456 /* BangBangBaoTests.m in Sources */,
			);
			runOnlyForDeploymentPostprocessing = 0;
		};
		8345772D1D011C6200558456 /* Sources */ = {
			isa = PBXSourcesBuildPhase;
			buildActionMask = 2147483647;
			files = (
				834577361D011C6200558456 /* BangBangBaoUITests.m in Sources */,
			);
			runOnlyForDeploymentPostprocessing = 0;
		};
/* End PBXSourcesBuildPhase section */

/* Begin PBXTargetDependency section */
		834577281D011C6200558456 /* PBXTargetDependency */ = {
			isa = PBXTargetDependency;
			target = 8345770C1D011C6200558456 /* BangBangBao */;
			targetProxy = 834577271D011C6200558456 /* PBXContainerItemProxy */;
		};
		834577331D011C6200558456 /* PBXTargetDependency */ = {
			isa = PBXTargetDependency;
			target = 8345770C1D011C6200558456 /* BangBangBao */;
			targetProxy = 834577321D011C6200558456 /* PBXContainerItemProxy */;
		};
/* End PBXTargetDependency section */

/* Begin XCBuildConfiguration section */
		834577381D011C6200558456 /* Debug */ = {
			isa = XCBuildConfiguration;
			buildSettings = {
				ALWAYS_SEARCH_USER_PATHS = NO;
				CLANG_ANALYZER_NONNULL = YES;
				CLANG_CXX_LANGUAGE_STANDARD = "gnu++0x";
				CLANG_CXX_LIBRARY = "libc++";
				CLANG_ENABLE_MODULES = YES;
				CLANG_ENABLE_OBJC_ARC = YES;
				CLANG_WARN_BOOL_CONVERSION = YES;
				CLANG_WARN_CONSTANT_CONVERSION = YES;
				CLANG_WARN_DIRECT_OBJC_ISA_USAGE = YES_ERROR;
				CLANG_WARN_EMPTY_BODY = YES;
				CLANG_WARN_ENUM_CONVERSION = YES;
				CLANG_WARN_INT_CONVERSION = YES;
				CLANG_WARN_OBJC_ROOT_CLASS = YES_ERROR;
				CLANG_WARN_UNREACHABLE_CODE = YES;
				CLANG_WARN__DUPLICATE_METHOD_MATCH = YES;
				"CODE_SIGN_IDENTITY[sdk=iphoneos*]" = "iPhone Developer";
				COPY_PHASE_STRIP = NO;
				DEBUG_INFORMATION_FORMAT = dwarf;
				ENABLE_STRICT_OBJC_MSGSEND = YES;
				ENABLE_TESTABILITY = YES;
				GCC_C_LANGUAGE_STANDARD = gnu99;
				GCC_DYNAMIC_NO_PIC = NO;
				GCC_NO_COMMON_BLOCKS = YES;
				GCC_OPTIMIZATION_LEVEL = 0;
				GCC_PREPROCESSOR_DEFINITIONS = (
					"DEBUG=1",
					"$(inherited)",
				);
				GCC_WARN_64_TO_32_BIT_CONVERSION = YES;
				GCC_WARN_ABOUT_RETURN_TYPE = YES_ERROR;
				GCC_WARN_UNDECLARED_SELECTOR = YES;
				GCC_WARN_UNINITIALIZED_AUTOS = YES_AGGRESSIVE;
				GCC_WARN_UNUSED_FUNCTION = YES;
				GCC_WARN_UNUSED_VARIABLE = YES;
				IPHONEOS_DEPLOYMENT_TARGET = 9.3;
				MTL_ENABLE_DEBUG_INFO = YES;
				ONLY_ACTIVE_ARCH = YES;
				SDKROOT = iphoneos;
			};
			name = Debug;
		};
		834577391D011C6200558456 /* Release */ = {
			isa = XCBuildConfiguration;
			buildSettings = {
				ALWAYS_SEARCH_USER_PATHS = NO;
				CLANG_ANALYZER_NONNULL = YES;
				CLANG_CXX_LANGUAGE_STANDARD = "gnu++0x";
				CLANG_CXX_LIBRARY = "libc++";
				CLANG_ENABLE_MODULES = YES;
				CLANG_ENABLE_OBJC_ARC = YES;
				CLANG_WARN_BOOL_CONVERSION = YES;
				CLANG_WARN_CONSTANT_CONVERSION = YES;
				CLANG_WARN_DIRECT_OBJC_ISA_USAGE = YES_ERROR;
				CLANG_WARN_EMPTY_BODY = YES;
				CLANG_WARN_ENUM_CONVERSION = YES;
				CLANG_WARN_INT_CONVERSION = YES;
				CLANG_WARN_OBJC_ROOT_CLASS = YES_ERROR;
				CLANG_WARN_UNREACHABLE_CODE = YES;
				CLANG_WARN__DUPLICATE_METHOD_MATCH = YES;
				"CODE_SIGN_IDENTITY[sdk=iphoneos*]" = "iPhone Developer";
				COPY_PHASE_STRIP = NO;
				DEBUG_INFORMATION_FORMAT = "dwarf-with-dsym";
				ENABLE_NS_ASSERTIONS = NO;
				ENABLE_STRICT_OBJC_MSGSEND = YES;
				GCC_C_LANGUAGE_STANDARD = gnu99;
				GCC_NO_COMMON_BLOCKS = YES;
				GCC_WARN_64_TO_32_BIT_CONVERSION = YES;
				GCC_WARN_ABOUT_RETURN_TYPE = YES_ERROR;
				GCC_WARN_UNDECLARED_SELECTOR = YES;
				GCC_WARN_UNINITIALIZED_AUTOS = YES_AGGRESSIVE;
				GCC_WARN_UNUSED_FUNCTION = YES;
				GCC_WARN_UNUSED_VARIABLE = YES;
				IPHONEOS_DEPLOYMENT_TARGET = 9.3;
				MTL_ENABLE_DEBUG_INFO = NO;
				SDKROOT = iphoneos;
				VALIDATE_PRODUCT = YES;
			};
			name = Release;
		};
		8345773B1D011C6200558456 /* Debug */ = {
			isa = XCBuildConfiguration;
			baseConfigurationReference = F692E501644EEE35163D1C0F /* Pods-BangBangBao.debug.xcconfig */;
			buildSettings = {
				ASSETCATALOG_COMPILER_APPICON_NAME = AppIcon;
				ASSETCATALOG_COMPILER_LAUNCHIMAGE_NAME = LaunchImage;
				CODE_SIGN_IDENTITY = "iPhone Developer";
				"CODE_SIGN_IDENTITY[sdk=iphoneos*]" = "iPhone Developer: Tong Wang (HV6974MYBR)";
				DEBUG_INFORMATION_FORMAT = "dwarf-with-dsym";
				ENABLE_BITCODE = NO;
				FRAMEWORK_SEARCH_PATHS = (
					"$(inherited)",
					"$(PROJECT_DIR)",
					"/Users/jxdwinter/Documents/FacebookSDKs-iOS-4",
				);
				GCC_PRECOMPILE_PREFIX_HEADER = YES;
				GCC_PREFIX_HEADER = "${SRCROOT}/BangBangBao/BangBangBao-Prefix.pch";
				INFOPLIST_FILE = BangBangBao/Info.plist;
				IPHONEOS_DEPLOYMENT_TARGET = 7.0;
				LD_RUNPATH_SEARCH_PATHS = "$(inherited) @executable_path/Frameworks";
				PRODUCT_BUNDLE_IDENTIFIER = tw.paybao.BangBangBao;
				PRODUCT_NAME = "$(TARGET_NAME)";
				PROVISIONING_PROFILE = "";
			};
			name = Debug;
		};
		8345773C1D011C6200558456 /* Release */ = {
			isa = XCBuildConfiguration;
			baseConfigurationReference = 8199B71886D002DE4EEF55F7 /* Pods-BangBangBao.release.xcconfig */;
			buildSettings = {
				ASSETCATALOG_COMPILER_APPICON_NAME = AppIcon;
				ASSETCATALOG_COMPILER_LAUNCHIMAGE_NAME = LaunchImage;
				CODE_SIGN_IDENTITY = "iPhone Developer";
				"CODE_SIGN_IDENTITY[sdk=iphoneos*]" = "iPhone Distribution: Paybao International Limited (DC6PX32954)";
				DEBUG_INFORMATION_FORMAT = "dwarf-with-dsym";
				ENABLE_BITCODE = NO;
				FRAMEWORK_SEARCH_PATHS = (
					"$(inherited)",
					"$(PROJECT_DIR)",
					"/Users/jxdwinter/Documents/FacebookSDKs-iOS-4",
				);
				GCC_PRECOMPILE_PREFIX_HEADER = YES;
				GCC_PREFIX_HEADER = "${SRCROOT}/BangBangBao/BangBangBao-Prefix.pch";
				INFOPLIST_FILE = BangBangBao/Info.plist;
				IPHONEOS_DEPLOYMENT_TARGET = 7.0;
				LD_RUNPATH_SEARCH_PATHS = "$(inherited) @executable_path/Frameworks";
				PRODUCT_BUNDLE_IDENTIFIER = tw.paybao.BangBangBao;
				PRODUCT_NAME = "$(TARGET_NAME)";
				PROVISIONING_PROFILE = "";
			};
			name = Release;
		};
		8345773E1D011C6200558456 /* Debug */ = {
			isa = XCBuildConfiguration;
			buildSettings = {
				BUNDLE_LOADER = "$(TEST_HOST)";
				INFOPLIST_FILE = BangBangBaoTests/Info.plist;
				LD_RUNPATH_SEARCH_PATHS = "$(inherited) @executable_path/Frameworks @loader_path/Frameworks";
				PRODUCT_BUNDLE_IDENTIFIER = tw.paybao.BangBangBaoTests;
				PRODUCT_NAME = "$(TARGET_NAME)";
				TEST_HOST = "$(BUILT_PRODUCTS_DIR)/BangBangBao.app/BangBangBao";
			};
			name = Debug;
		};
		8345773F1D011C6200558456 /* Release */ = {
			isa = XCBuildConfiguration;
			buildSettings = {
				BUNDLE_LOADER = "$(TEST_HOST)";
				INFOPLIST_FILE = BangBangBaoTests/Info.plist;
				LD_RUNPATH_SEARCH_PATHS = "$(inherited) @executable_path/Frameworks @loader_path/Frameworks";
				PRODUCT_BUNDLE_IDENTIFIER = tw.paybao.BangBangBaoTests;
				PRODUCT_NAME = "$(TARGET_NAME)";
				TEST_HOST = "$(BUILT_PRODUCTS_DIR)/BangBangBao.app/BangBangBao";
			};
			name = Release;
		};
		834577411D011C6200558456 /* Debug */ = {
			isa = XCBuildConfiguration;
			buildSettings = {
				INFOPLIST_FILE = BangBangBaoUITests/Info.plist;
				LD_RUNPATH_SEARCH_PATHS = "$(inherited) @executable_path/Frameworks @loader_path/Frameworks";
				PRODUCT_BUNDLE_IDENTIFIER = tw.paybao.BangBangBaoUITests;
				PRODUCT_NAME = "$(TARGET_NAME)";
				TEST_TARGET_NAME = BangBangBao;
			};
			name = Debug;
		};
		834577421D011C6200558456 /* Release */ = {
			isa = XCBuildConfiguration;
			buildSettings = {
				INFOPLIST_FILE = BangBangBaoUITests/Info.plist;
				LD_RUNPATH_SEARCH_PATHS = "$(inherited) @executable_path/Frameworks @loader_path/Frameworks";
				PRODUCT_BUNDLE_IDENTIFIER = tw.paybao.BangBangBaoUITests;
				PRODUCT_NAME = "$(TARGET_NAME)";
				TEST_TARGET_NAME = BangBangBao;
			};
			name = Release;
		};
/* End XCBuildConfiguration section */

/* Begin XCConfigurationList section */
		834577081D011C6200558456 /* Build configuration list for PBXProject "BangBangBao" */ = {
			isa = XCConfigurationList;
			buildConfigurations = (
				834577381D011C6200558456 /* Debug */,
				834577391D011C6200558456 /* Release */,
			);
			defaultConfigurationIsVisible = 0;
			defaultConfigurationName = Release;
		};
		8345773A1D011C6200558456 /* Build configuration list for PBXNativeTarget "BangBangBao" */ = {
			isa = XCConfigurationList;
			buildConfigurations = (
				8345773B1D011C6200558456 /* Debug */,
				8345773C1D011C6200558456 /* Release */,
			);
			defaultConfigurationIsVisible = 0;
			defaultConfigurationName = Release;
		};
		8345773D1D011C6200558456 /* Build configuration list for PBXNativeTarget "BangBangBaoTests" */ = {
			isa = XCConfigurationList;
			buildConfigurations = (
				8345773E1D011C6200558456 /* Debug */,
				8345773F1D011C6200558456 /* Release */,
			);
			defaultConfigurationIsVisible = 0;
			defaultConfigurationName = Release;
		};
		834577401D011C6200558456 /* Build configuration list for PBXNativeTarget "BangBangBaoUITests" */ = {
			isa = XCConfigurationList;
			buildConfigurations = (
				834577411D011C6200558456 /* Debug */,
				834577421D011C6200558456 /* Release */,
			);
			defaultConfigurationIsVisible = 0;
			defaultConfigurationName = Release;
		};
/* End XCConfigurationList section */
	};
	rootObject = 834577051D011C6200558456 /* Project object */;
}
